// !$*UTF8*$!
{
	archiveVersion = 1;
	classes = {
	};
	objectVersion = 56;
	objects = {

/* Begin PBXBuildFile section */
		114C63242A8A427100AAB829 /* OpenWeatherApp.swift in Sources */ = {isa = PBXBuildFile; fileRef = 114C63232A8A427100AAB829 /* OpenWeatherApp.swift */; };
		114C63282A8A427300AAB829 /* Assets.xcassets in Resources */ = {isa = PBXBuildFile; fileRef = 114C63272A8A427300AAB829 /* Assets.xcassets */; };
		114C632B2A8A427300AAB829 /* Preview Assets.xcassets in Resources */ = {isa = PBXBuildFile; fileRef = 114C632A2A8A427300AAB829 /* Preview Assets.xcassets */; };
		114C63352A8A427300AAB829 /* OpenWeatherTests.swift in Sources */ = {isa = PBXBuildFile; fileRef = 114C63342A8A427300AAB829 /* OpenWeatherTests.swift */; };
		114C633F2A8A427300AAB829 /* OpenWeatherUITests.swift in Sources */ = {isa = PBXBuildFile; fileRef = 114C633E2A8A427300AAB829 /* OpenWeatherUITests.swift */; };
		114C63412A8A427300AAB829 /* OpenWeatherUITestsLaunchTests.swift in Sources */ = {isa = PBXBuildFile; fileRef = 114C63402A8A427300AAB829 /* OpenWeatherUITestsLaunchTests.swift */; };
		11BD2F642A8A4351003F9320 /* JSONFile.swift in Sources */ = {isa = PBXBuildFile; fileRef = 11BD2F562A8A4351003F9320 /* JSONFile.swift */; };
		11BD2F652A8A4351003F9320 /* Mockable.swift in Sources */ = {isa = PBXBuildFile; fileRef = 11BD2F572A8A4351003F9320 /* Mockable.swift */; };
		11BD2F662A8A4351003F9320 /* Resource.swift in Sources */ = {isa = PBXBuildFile; fileRef = 11BD2F582A8A4351003F9320 /* Resource.swift */; };
		11BD2F6A2A8A4351003F9320 /* GeneralError.swift in Sources */ = {isa = PBXBuildFile; fileRef = 11BD2F602A8A4351003F9320 /* GeneralError.swift */; };
		11BD2F6B2A8A4351003F9320 /* HTTPMethod.swift in Sources */ = {isa = PBXBuildFile; fileRef = 11BD2F612A8A4351003F9320 /* HTTPMethod.swift */; };
		11BD2F6C2A8A4351003F9320 /* HTTPClient.swift in Sources */ = {isa = PBXBuildFile; fileRef = 11BD2F622A8A4351003F9320 /* HTTPClient.swift */; };
		11BD2F6D2A8A4351003F9320 /* Endpoint.swift in Sources */ = {isa = PBXBuildFile; fileRef = 11BD2F632A8A4351003F9320 /* Endpoint.swift */; };
		11BD2F6F2A8A4424003F9320 /* WetherAPIClient.swift in Sources */ = {isa = PBXBuildFile; fileRef = 11BD2F6E2A8A4424003F9320 /* WetherAPIClient.swift */; };
		11BD2F712A8A448D003F9320 /* WeatherEndpoint.swift in Sources */ = {isa = PBXBuildFile; fileRef = 11BD2F702A8A448D003F9320 /* WeatherEndpoint.swift */; };
		11BD2F732A8A4673003F9320 /* Secret.swift in Sources */ = {isa = PBXBuildFile; fileRef = 11BD2F722A8A4673003F9320 /* Secret.swift */; };
		11BD2F762A8A47F2003F9320 /* WeatherResponse.swift in Sources */ = {isa = PBXBuildFile; fileRef = 11BD2F752A8A47F2003F9320 /* WeatherResponse.swift */; };
		11BD2F792A8A5757003F9320 /* MainTabView.swift in Sources */ = {isa = PBXBuildFile; fileRef = 11BD2F782A8A5757003F9320 /* MainTabView.swift */; };
		11BD2F7C2A8A58F8003F9320 /* ForecastView.swift in Sources */ = {isa = PBXBuildFile; fileRef = 11BD2F7B2A8A58F8003F9320 /* ForecastView.swift */; };
		11BD2F7E2A8A590A003F9320 /* ForecastViewModel.swift in Sources */ = {isa = PBXBuildFile; fileRef = 11BD2F7D2A8A590A003F9320 /* ForecastViewModel.swift */; };
		11BD2F812A8A5FB1003F9320 /* LocationService.swift in Sources */ = {isa = PBXBuildFile; fileRef = 11BD2F802A8A5FB1003F9320 /* LocationService.swift */; };
		11BD2F842A8AA71A003F9320 /* SearchViewModel.swift in Sources */ = {isa = PBXBuildFile; fileRef = 11BD2F832A8AA71A003F9320 /* SearchViewModel.swift */; };
		11BD2F862A8AA722003F9320 /* SearchView.swift in Sources */ = {isa = PBXBuildFile; fileRef = 11BD2F852A8AA722003F9320 /* SearchView.swift */; };
		11BD2F882A8AA759003F9320 /* MainTabViewModel.swift in Sources */ = {isa = PBXBuildFile; fileRef = 11BD2F872A8AA759003F9320 /* MainTabViewModel.swift */; };
		11BD2F8B2A8AA9F7003F9320 /* SearchItemView.swift in Sources */ = {isa = PBXBuildFile; fileRef = 11BD2F8A2A8AA9F7003F9320 /* SearchItemView.swift */; };
		11BD2F8D2A8AAA97003F9320 /* GeoItemsResponse.swift in Sources */ = {isa = PBXBuildFile; fileRef = 11BD2F8C2A8AAA97003F9320 /* GeoItemsResponse.swift */; };
		11BD2F922A8AB81A003F9320 /* geoItem.json in Resources */ = {isa = PBXBuildFile; fileRef = 11BD2F912A8AB81A003F9320 /* geoItem.json */; };
		11BD2F952A8ABD25003F9320 /* LoadingView.swift in Sources */ = {isa = PBXBuildFile; fileRef = 11BD2F942A8ABD25003F9320 /* LoadingView.swift */; };
		11BD2F972A8BA9CC003F9320 /* SearchViewModelTest.swift in Sources */ = {isa = PBXBuildFile; fileRef = 11BD2F962A8BA9CC003F9320 /* SearchViewModelTest.swift */; };
		11BD2F992A8BB020003F9320 /* geoItemsResponse.json in Resources */ = {isa = PBXBuildFile; fileRef = 11BD2F982A8BB020003F9320 /* geoItemsResponse.json */; };
/* End PBXBuildFile section */

/* Begin PBXContainerItemProxy section */
		114C63312A8A427300AAB829 /* PBXContainerItemProxy */ = {
			isa = PBXContainerItemProxy;
			containerPortal = 114C63182A8A427100AAB829 /* Project object */;
			proxyType = 1;
			remoteGlobalIDString = 114C631F2A8A427100AAB829;
			remoteInfo = OpenWeather;
		};
		114C633B2A8A427300AAB829 /* PBXContainerItemProxy */ = {
			isa = PBXContainerItemProxy;
			containerPortal = 114C63182A8A427100AAB829 /* Project object */;
			proxyType = 1;
			remoteGlobalIDString = 114C631F2A8A427100AAB829;
			remoteInfo = OpenWeather;
		};
/* End PBXContainerItemProxy section */

/* Begin PBXFileReference section */
		114C63202A8A427100AAB829 /* OpenWeather.app */ = {isa = PBXFileReference; explicitFileType = wrapper.application; includeInIndex = 0; path = OpenWeather.app; sourceTree = BUILT_PRODUCTS_DIR; };
		114C63232A8A427100AAB829 /* OpenWeatherApp.swift */ = {isa = PBXFileReference; lastKnownFileType = sourcecode.swift; path = OpenWeatherApp.swift; sourceTree = "<group>"; };
		114C63272A8A427300AAB829 /* Assets.xcassets */ = {isa = PBXFileReference; lastKnownFileType = folder.assetcatalog; path = Assets.xcassets; sourceTree = "<group>"; };
		114C632A2A8A427300AAB829 /* Preview Assets.xcassets */ = {isa = PBXFileReference; lastKnownFileType = folder.assetcatalog; path = "Preview Assets.xcassets"; sourceTree = "<group>"; };
		114C63302A8A427300AAB829 /* OpenWeatherTests.xctest */ = {isa = PBXFileReference; explicitFileType = wrapper.cfbundle; includeInIndex = 0; path = OpenWeatherTests.xctest; sourceTree = BUILT_PRODUCTS_DIR; };
		114C63342A8A427300AAB829 /* OpenWeatherTests.swift */ = {isa = PBXFileReference; lastKnownFileType = sourcecode.swift; path = OpenWeatherTests.swift; sourceTree = "<group>"; };
		114C633A2A8A427300AAB829 /* OpenWeatherUITests.xctest */ = {isa = PBXFileReference; explicitFileType = wrapper.cfbundle; includeInIndex = 0; path = OpenWeatherUITests.xctest; sourceTree = BUILT_PRODUCTS_DIR; };
		114C633E2A8A427300AAB829 /* OpenWeatherUITests.swift */ = {isa = PBXFileReference; lastKnownFileType = sourcecode.swift; path = OpenWeatherUITests.swift; sourceTree = "<group>"; };
		114C63402A8A427300AAB829 /* OpenWeatherUITestsLaunchTests.swift */ = {isa = PBXFileReference; lastKnownFileType = sourcecode.swift; path = OpenWeatherUITestsLaunchTests.swift; sourceTree = "<group>"; };
		11BD2F562A8A4351003F9320 /* JSONFile.swift */ = {isa = PBXFileReference; fileEncoding = 4; lastKnownFileType = sourcecode.swift; path = JSONFile.swift; sourceTree = "<group>"; };
		11BD2F572A8A4351003F9320 /* Mockable.swift */ = {isa = PBXFileReference; fileEncoding = 4; lastKnownFileType = sourcecode.swift; path = Mockable.swift; sourceTree = "<group>"; };
		11BD2F582A8A4351003F9320 /* Resource.swift */ = {isa = PBXFileReference; fileEncoding = 4; lastKnownFileType = sourcecode.swift; path = Resource.swift; sourceTree = "<group>"; };
		11BD2F602A8A4351003F9320 /* GeneralError.swift */ = {isa = PBXFileReference; fileEncoding = 4; lastKnownFileType = sourcecode.swift; path = GeneralError.swift; sourceTree = "<group>"; };
		11BD2F612A8A4351003F9320 /* HTTPMethod.swift */ = {isa = PBXFileReference; fileEncoding = 4; lastKnownFileType = sourcecode.swift; path = HTTPMethod.swift; sourceTree = "<group>"; };
		11BD2F622A8A4351003F9320 /* HTTPClient.swift */ = {isa = PBXFileReference; fileEncoding = 4; lastKnownFileType = sourcecode.swift; path = HTTPClient.swift; sourceTree = "<group>"; };
		11BD2F632A8A4351003F9320 /* Endpoint.swift */ = {isa = PBXFileReference; fileEncoding = 4; lastKnownFileType = sourcecode.swift; path = Endpoint.swift; sourceTree = "<group>"; };
		11BD2F6E2A8A4424003F9320 /* WetherAPIClient.swift */ = {isa = PBXFileReference; lastKnownFileType = sourcecode.swift; path = WetherAPIClient.swift; sourceTree = "<group>"; };
		11BD2F702A8A448D003F9320 /* WeatherEndpoint.swift */ = {isa = PBXFileReference; lastKnownFileType = sourcecode.swift; path = WeatherEndpoint.swift; sourceTree = "<group>"; };
		11BD2F722A8A4673003F9320 /* Secret.swift */ = {isa = PBXFileReference; lastKnownFileType = sourcecode.swift; path = Secret.swift; sourceTree = "<group>"; };
		11BD2F752A8A47F2003F9320 /* WeatherResponse.swift */ = {isa = PBXFileReference; lastKnownFileType = sourcecode.swift; path = WeatherResponse.swift; sourceTree = "<group>"; };
		11BD2F782A8A5757003F9320 /* MainTabView.swift */ = {isa = PBXFileReference; fileEncoding = 4; lastKnownFileType = sourcecode.swift; path = MainTabView.swift; sourceTree = "<group>"; };
		11BD2F7B2A8A58F8003F9320 /* ForecastView.swift */ = {isa = PBXFileReference; lastKnownFileType = sourcecode.swift; path = ForecastView.swift; sourceTree = "<group>"; };
		11BD2F7D2A8A590A003F9320 /* ForecastViewModel.swift */ = {isa = PBXFileReference; lastKnownFileType = sourcecode.swift; path = ForecastViewModel.swift; sourceTree = "<group>"; };
		11BD2F802A8A5FB1003F9320 /* LocationService.swift */ = {isa = PBXFileReference; lastKnownFileType = sourcecode.swift; path = LocationService.swift; sourceTree = "<group>"; };
		11BD2F832A8AA71A003F9320 /* SearchViewModel.swift */ = {isa = PBXFileReference; lastKnownFileType = sourcecode.swift; path = SearchViewModel.swift; sourceTree = "<group>"; };
		11BD2F852A8AA722003F9320 /* SearchView.swift */ = {isa = PBXFileReference; lastKnownFileType = sourcecode.swift; path = SearchView.swift; sourceTree = "<group>"; };
		11BD2F872A8AA759003F9320 /* MainTabViewModel.swift */ = {isa = PBXFileReference; lastKnownFileType = sourcecode.swift; path = MainTabViewModel.swift; sourceTree = "<group>"; };
		11BD2F8A2A8AA9F7003F9320 /* SearchItemView.swift */ = {isa = PBXFileReference; lastKnownFileType = sourcecode.swift; path = SearchItemView.swift; sourceTree = "<group>"; };
		11BD2F8C2A8AAA97003F9320 /* GeoItemsResponse.swift */ = {isa = PBXFileReference; lastKnownFileType = sourcecode.swift; path = GeoItemsResponse.swift; sourceTree = "<group>"; };
		11BD2F912A8AB81A003F9320 /* geoItem.json */ = {isa = PBXFileReference; lastKnownFileType = text.json; path = geoItem.json; sourceTree = "<group>"; };
		11BD2F942A8ABD25003F9320 /* LoadingView.swift */ = {isa = PBXFileReference; fileEncoding = 4; lastKnownFileType = sourcecode.swift; path = LoadingView.swift; sourceTree = "<group>"; };
		11BD2F962A8BA9CC003F9320 /* SearchViewModelTest.swift */ = {isa = PBXFileReference; lastKnownFileType = sourcecode.swift; path = SearchViewModelTest.swift; sourceTree = "<group>"; };
		11BD2F982A8BB020003F9320 /* geoItemsResponse.json */ = {isa = PBXFileReference; lastKnownFileType = text.json; path = geoItemsResponse.json; sourceTree = "<group>"; };
/* End PBXFileReference section */

/* Begin PBXFrameworksBuildPhase section */
		114C631D2A8A427100AAB829 /* Frameworks */ = {
			isa = PBXFrameworksBuildPhase;
			buildActionMask = 2147483647;
			files = (
			);
			runOnlyForDeploymentPostprocessing = 0;
		};
		114C632D2A8A427300AAB829 /* Frameworks */ = {
			isa = PBXFrameworksBuildPhase;
			buildActionMask = 2147483647;
			files = (
			);
			runOnlyForDeploymentPostprocessing = 0;
		};
		114C63372A8A427300AAB829 /* Frameworks */ = {
			isa = PBXFrameworksBuildPhase;
			buildActionMask = 2147483647;
			files = (
			);
			runOnlyForDeploymentPostprocessing = 0;
		};
/* End PBXFrameworksBuildPhase section */

/* Begin PBXGroup section */
		114C63172A8A427100AAB829 = {
			isa = PBXGroup;
			children = (
				114C63222A8A427100AAB829 /* OpenWeather */,
				114C63332A8A427300AAB829 /* OpenWeatherTests */,
				114C633D2A8A427300AAB829 /* OpenWeatherUITests */,
				114C63212A8A427100AAB829 /* Products */,
			);
			sourceTree = "<group>";
		};
		114C63212A8A427100AAB829 /* Products */ = {
			isa = PBXGroup;
			children = (
				114C63202A8A427100AAB829 /* OpenWeather.app */,
				114C63302A8A427300AAB829 /* OpenWeatherTests.xctest */,
				114C633A2A8A427300AAB829 /* OpenWeatherUITests.xctest */,
			);
			name = Products;
			sourceTree = "<group>";
		};
		114C63222A8A427100AAB829 /* OpenWeather */ = {
			isa = PBXGroup;
			children = (
				114C63232A8A427100AAB829 /* OpenWeatherApp.swift */,
				11BD2F502A8A42D4003F9320 /* Resources */,
				11BD2F512A8A42E1003F9320 /* Sources */,
				11BD2F522A8A430B003F9320 /* Screens */,
				11BD2F542A8A4351003F9320 /* Services */,
				114C63292A8A427300AAB829 /* Preview Content */,
			);
			path = OpenWeather;
			sourceTree = "<group>";
		};
		114C63292A8A427300AAB829 /* Preview Content */ = {
			isa = PBXGroup;
			children = (
				114C632A2A8A427300AAB829 /* Preview Assets.xcassets */,
			);
			path = "Preview Content";
			sourceTree = "<group>";
		};
		114C63332A8A427300AAB829 /* OpenWeatherTests */ = {
			isa = PBXGroup;
			children = (
				11BD2F962A8BA9CC003F9320 /* SearchViewModelTest.swift */,
				114C63342A8A427300AAB829 /* OpenWeatherTests.swift */,
			);
			path = OpenWeatherTests;
			sourceTree = "<group>";
		};
		114C633D2A8A427300AAB829 /* OpenWeatherUITests */ = {
			isa = PBXGroup;
			children = (
				114C633E2A8A427300AAB829 /* OpenWeatherUITests.swift */,
				114C63402A8A427300AAB829 /* OpenWeatherUITestsLaunchTests.swift */,
			);
			path = OpenWeatherUITests;
			sourceTree = "<group>";
		};
		11BD2F502A8A42D4003F9320 /* Resources */ = {
			isa = PBXGroup;
			children = (
				114C63272A8A427300AAB829 /* Assets.xcassets */,
				11BD2F722A8A4673003F9320 /* Secret.swift */,
			);
			path = Resources;
			sourceTree = "<group>";
		};
		11BD2F512A8A42E1003F9320 /* Sources */ = {
			isa = PBXGroup;
			children = (
				11BD2F8E2A8AB7EF003F9320 /* JSON */,
				11BD2F742A8A47E0003F9320 /* Models */,
			);
			path = Sources;
			sourceTree = "<group>";
		};
		11BD2F522A8A430B003F9320 /* Screens */ = {
			isa = PBXGroup;
			children = (
				11BD2F932A8ABD25003F9320 /* LoadingView */,
				11BD2F772A8A5757003F9320 /* MainTabView */,
				11BD2F7A2A8A58E2003F9320 /* ForecastView */,
				11BD2F822A8AA6FC003F9320 /* SearchView */,
			);
			path = Screens;
			sourceTree = "<group>";
		};
		11BD2F542A8A4351003F9320 /* Services */ = {
			isa = PBXGroup;
			children = (
				11BD2F7F2A8A5F95003F9320 /* LocationService */,
				11BD2F552A8A4351003F9320 /* Mock */,
				11BD2F592A8A4351003F9320 /* API */,
			);
			path = Services;
			sourceTree = "<group>";
		};
		11BD2F552A8A4351003F9320 /* Mock */ = {
			isa = PBXGroup;
			children = (
				11BD2F562A8A4351003F9320 /* JSONFile.swift */,
				11BD2F572A8A4351003F9320 /* Mockable.swift */,
				11BD2F582A8A4351003F9320 /* Resource.swift */,
			);
			path = Mock;
			sourceTree = "<group>";
		};
		11BD2F592A8A4351003F9320 /* API */ = {
			isa = PBXGroup;
			children = (
				11BD2F5A2A8A4351003F9320 /* APIClients */,
				11BD2F5C2A8A4351003F9320 /* Endpoints */,
				11BD2F5E2A8A4351003F9320 /* SharedAPIService */,
			);
			path = API;
			sourceTree = "<group>";
		};
		11BD2F5A2A8A4351003F9320 /* APIClients */ = {
			isa = PBXGroup;
			children = (
				11BD2F6E2A8A4424003F9320 /* WetherAPIClient.swift */,
			);
			path = APIClients;
			sourceTree = "<group>";
		};
		11BD2F5C2A8A4351003F9320 /* Endpoints */ = {
			isa = PBXGroup;
			children = (
				11BD2F702A8A448D003F9320 /* WeatherEndpoint.swift */,
			);
			path = Endpoints;
			sourceTree = "<group>";
		};
		11BD2F5E2A8A4351003F9320 /* SharedAPIService */ = {
			isa = PBXGroup;
			children = (
				11BD2F602A8A4351003F9320 /* GeneralError.swift */,
				11BD2F612A8A4351003F9320 /* HTTPMethod.swift */,
				11BD2F622A8A4351003F9320 /* HTTPClient.swift */,
				11BD2F632A8A4351003F9320 /* Endpoint.swift */,
			);
			path = SharedAPIService;
			sourceTree = "<group>";
		};
		11BD2F742A8A47E0003F9320 /* Models */ = {
			isa = PBXGroup;
			children = (
				11BD2F752A8A47F2003F9320 /* WeatherResponse.swift */,
				11BD2F8C2A8AAA97003F9320 /* GeoItemsResponse.swift */,
			);
			path = Models;
			sourceTree = "<group>";
		};
		11BD2F772A8A5757003F9320 /* MainTabView */ = {
			isa = PBXGroup;
			children = (
				11BD2F782A8A5757003F9320 /* MainTabView.swift */,
				11BD2F872A8AA759003F9320 /* MainTabViewModel.swift */,
			);
			path = MainTabView;
			sourceTree = "<group>";
		};
		11BD2F7A2A8A58E2003F9320 /* ForecastView */ = {
			isa = PBXGroup;
			children = (
				11BD2F7B2A8A58F8003F9320 /* ForecastView.swift */,
				11BD2F7D2A8A590A003F9320 /* ForecastViewModel.swift */,
			);
			path = ForecastView;
			sourceTree = "<group>";
		};
		11BD2F7F2A8A5F95003F9320 /* LocationService */ = {
			isa = PBXGroup;
			children = (
				11BD2F802A8A5FB1003F9320 /* LocationService.swift */,
			);
			path = LocationService;
			sourceTree = "<group>";
		};
		11BD2F822A8AA6FC003F9320 /* SearchView */ = {
			isa = PBXGroup;
			children = (
				11BD2F852A8AA722003F9320 /* SearchView.swift */,
				11BD2F832A8AA71A003F9320 /* SearchViewModel.swift */,
				11BD2F892A8AA9DD003F9320 /* Subviews */,
			);
			path = SearchView;
			sourceTree = "<group>";
		};
		11BD2F892A8AA9DD003F9320 /* Subviews */ = {
			isa = PBXGroup;
			children = (
				11BD2F8A2A8AA9F7003F9320 /* SearchItemView.swift */,
			);
			path = Subviews;
			sourceTree = "<group>";
		};
		11BD2F8E2A8AB7EF003F9320 /* JSON */ = {
			isa = PBXGroup;
			children = (
				11BD2F912A8AB81A003F9320 /* geoItem.json */,
				11BD2F982A8BB020003F9320 /* geoItemsResponse.json */,
			);
			path = JSON;
			sourceTree = "<group>";
		};
		11BD2F932A8ABD25003F9320 /* LoadingView */ = {
			isa = PBXGroup;
			children = (
				11BD2F942A8ABD25003F9320 /* LoadingView.swift */,
			);
			path = LoadingView;
			sourceTree = "<group>";
		};
/* End PBXGroup section */

/* Begin PBXNativeTarget section */
		114C631F2A8A427100AAB829 /* OpenWeather */ = {
			isa = PBXNativeTarget;
			buildConfigurationList = 114C63442A8A427300AAB829 /* Build configuration list for PBXNativeTarget "OpenWeather" */;
			buildPhases = (
				114C631C2A8A427100AAB829 /* Sources */,
				114C631D2A8A427100AAB829 /* Frameworks */,
				114C631E2A8A427100AAB829 /* Resources */,
			);
			buildRules = (
			);
			dependencies = (
			);
			name = OpenWeather;
			productName = OpenWeather;
			productReference = 114C63202A8A427100AAB829 /* OpenWeather.app */;
			productType = "com.apple.product-type.application";
		};
		114C632F2A8A427300AAB829 /* OpenWeatherTests */ = {
			isa = PBXNativeTarget;
			buildConfigurationList = 114C63472A8A427300AAB829 /* Build configuration list for PBXNativeTarget "OpenWeatherTests" */;
			buildPhases = (
				114C632C2A8A427300AAB829 /* Sources */,
				114C632D2A8A427300AAB829 /* Frameworks */,
				114C632E2A8A427300AAB829 /* Resources */,
			);
			buildRules = (
			);
			dependencies = (
				114C63322A8A427300AAB829 /* PBXTargetDependency */,
			);
			name = OpenWeatherTests;
			productName = OpenWeatherTests;
			productReference = 114C63302A8A427300AAB829 /* OpenWeatherTests.xctest */;
			productType = "com.apple.product-type.bundle.unit-test";
		};
		114C63392A8A427300AAB829 /* OpenWeatherUITests */ = {
			isa = PBXNativeTarget;
			buildConfigurationList = 114C634A2A8A427300AAB829 /* Build configuration list for PBXNativeTarget "OpenWeatherUITests" */;
			buildPhases = (
				114C63362A8A427300AAB829 /* Sources */,
				114C63372A8A427300AAB829 /* Frameworks */,
				114C63382A8A427300AAB829 /* Resources */,
			);
			buildRules = (
			);
			dependencies = (
				114C633C2A8A427300AAB829 /* PBXTargetDependency */,
			);
			name = OpenWeatherUITests;
			productName = OpenWeatherUITests;
			productReference = 114C633A2A8A427300AAB829 /* OpenWeatherUITests.xctest */;
			productType = "com.apple.product-type.bundle.ui-testing";
		};
/* End PBXNativeTarget section */

/* Begin PBXProject section */
		114C63182A8A427100AAB829 /* Project object */ = {
			isa = PBXProject;
			attributes = {
				BuildIndependentTargetsInParallel = 1;
				LastSwiftUpdateCheck = 1430;
				LastUpgradeCheck = 1430;
				TargetAttributes = {
					114C631F2A8A427100AAB829 = {
						CreatedOnToolsVersion = 14.3.1;
					};
					114C632F2A8A427300AAB829 = {
						CreatedOnToolsVersion = 14.3.1;
						TestTargetID = 114C631F2A8A427100AAB829;
					};
					114C63392A8A427300AAB829 = {
						CreatedOnToolsVersion = 14.3.1;
						TestTargetID = 114C631F2A8A427100AAB829;
					};
				};
			};
			buildConfigurationList = 114C631B2A8A427100AAB829 /* Build configuration list for PBXProject "OpenWeather" */;
			compatibilityVersion = "Xcode 14.0";
			developmentRegion = en;
			hasScannedForEncodings = 0;
			knownRegions = (
				en,
				Base,
			);
			mainGroup = 114C63172A8A427100AAB829;
			productRefGroup = 114C63212A8A427100AAB829 /* Products */;
			projectDirPath = "";
			projectRoot = "";
			targets = (
				114C631F2A8A427100AAB829 /* OpenWeather */,
				114C632F2A8A427300AAB829 /* OpenWeatherTests */,
				114C63392A8A427300AAB829 /* OpenWeatherUITests */,
			);
		};
/* End PBXProject section */

/* Begin PBXResourcesBuildPhase section */
		114C631E2A8A427100AAB829 /* Resources */ = {
			isa = PBXResourcesBuildPhase;
			buildActionMask = 2147483647;
			files = (
				11BD2F992A8BB020003F9320 /* geoItemsResponse.json in Resources */,
				114C632B2A8A427300AAB829 /* Preview Assets.xcassets in Resources */,
				11BD2F922A8AB81A003F9320 /* geoItem.json in Resources */,
				114C63282A8A427300AAB829 /* Assets.xcassets in Resources */,
			);
			runOnlyForDeploymentPostprocessing = 0;
		};
		114C632E2A8A427300AAB829 /* Resources */ = {
			isa = PBXResourcesBuildPhase;
			buildActionMask = 2147483647;
			files = (
			);
			runOnlyForDeploymentPostprocessing = 0;
		};
		114C63382A8A427300AAB829 /* Resources */ = {
			isa = PBXResourcesBuildPhase;
			buildActionMask = 2147483647;
			files = (
			);
			runOnlyForDeploymentPostprocessing = 0;
		};
/* End PBXResourcesBuildPhase section */

/* Begin PBXSourcesBuildPhase section */
		114C631C2A8A427100AAB829 /* Sources */ = {
			isa = PBXSourcesBuildPhase;
			buildActionMask = 2147483647;
			files = (
				11BD2F6F2A8A4424003F9320 /* WetherAPIClient.swift in Sources */,
				11BD2F732A8A4673003F9320 /* Secret.swift in Sources */,
				114C63242A8A427100AAB829 /* OpenWeatherApp.swift in Sources */,
				11BD2F952A8ABD25003F9320 /* LoadingView.swift in Sources */,
				11BD2F8B2A8AA9F7003F9320 /* SearchItemView.swift in Sources */,
				11BD2F762A8A47F2003F9320 /* WeatherResponse.swift in Sources */,
				11BD2F882A8AA759003F9320 /* MainTabViewModel.swift in Sources */,
				11BD2F662A8A4351003F9320 /* Resource.swift in Sources */,
				11BD2F652A8A4351003F9320 /* Mockable.swift in Sources */,
				11BD2F6B2A8A4351003F9320 /* HTTPMethod.swift in Sources */,
				11BD2F792A8A5757003F9320 /* MainTabView.swift in Sources */,
				11BD2F6C2A8A4351003F9320 /* HTTPClient.swift in Sources */,
				11BD2F7E2A8A590A003F9320 /* ForecastViewModel.swift in Sources */,
				11BD2F862A8AA722003F9320 /* SearchView.swift in Sources */,
				11BD2F8D2A8AAA97003F9320 /* GeoItemsResponse.swift in Sources */,
				11BD2F812A8A5FB1003F9320 /* LocationService.swift in Sources */,
				11BD2F6A2A8A4351003F9320 /* GeneralError.swift in Sources */,
				11BD2F642A8A4351003F9320 /* JSONFile.swift in Sources */,
				11BD2F7C2A8A58F8003F9320 /* ForecastView.swift in Sources */,
				11BD2F842A8AA71A003F9320 /* SearchViewModel.swift in Sources */,
				11BD2F712A8A448D003F9320 /* WeatherEndpoint.swift in Sources */,
				11BD2F6D2A8A4351003F9320 /* Endpoint.swift in Sources */,
			);
			runOnlyForDeploymentPostprocessing = 0;
		};
		114C632C2A8A427300AAB829 /* Sources */ = {
			isa = PBXSourcesBuildPhase;
			buildActionMask = 2147483647;
			files = (
				11BD2F972A8BA9CC003F9320 /* SearchViewModelTest.swift in Sources */,
				114C63352A8A427300AAB829 /* OpenWeatherTests.swift in Sources */,
			);
			runOnlyForDeploymentPostprocessing = 0;
		};
		114C63362A8A427300AAB829 /* Sources */ = {
			isa = PBXSourcesBuildPhase;
			buildActionMask = 2147483647;
			files = (
				114C633F2A8A427300AAB829 /* OpenWeatherUITests.swift in Sources */,
				114C63412A8A427300AAB829 /* OpenWeatherUITestsLaunchTests.swift in Sources */,
			);
			runOnlyForDeploymentPostprocessing = 0;
		};
/* End PBXSourcesBuildPhase section */

/* Begin PBXTargetDependency section */
		114C63322A8A427300AAB829 /* PBXTargetDependency */ = {
			isa = PBXTargetDependency;
			target = 114C631F2A8A427100AAB829 /* OpenWeather */;
			targetProxy = 114C63312A8A427300AAB829 /* PBXContainerItemProxy */;
		};
		114C633C2A8A427300AAB829 /* PBXTargetDependency */ = {
			isa = PBXTargetDependency;
			target = 114C631F2A8A427100AAB829 /* OpenWeather */;
			targetProxy = 114C633B2A8A427300AAB829 /* PBXContainerItemProxy */;
		};
/* End PBXTargetDependency section */

/* Begin XCBuildConfiguration section */
		114C63422A8A427300AAB829 /* Debug */ = {
			isa = XCBuildConfiguration;
			buildSettings = {
				ALWAYS_SEARCH_USER_PATHS = NO;
				CLANG_ANALYZER_NONNULL = YES;
				CLANG_ANALYZER_NUMBER_OBJECT_CONVERSION = YES_AGGRESSIVE;
				CLANG_CXX_LANGUAGE_STANDARD = "gnu++20";
				CLANG_ENABLE_MODULES = YES;
				CLANG_ENABLE_OBJC_ARC = YES;
				CLANG_ENABLE_OBJC_WEAK = YES;
				CLANG_WARN_BLOCK_CAPTURE_AUTORELEASING = YES;
				CLANG_WARN_BOOL_CONVERSION = YES;
				CLANG_WARN_COMMA = YES;
				CLANG_WARN_CONSTANT_CONVERSION = YES;
				CLANG_WARN_DEPRECATED_OBJC_IMPLEMENTATIONS = YES;
				CLANG_WARN_DIRECT_OBJC_ISA_USAGE = YES_ERROR;
				CLANG_WARN_DOCUMENTATION_COMMENTS = YES;
				CLANG_WARN_EMPTY_BODY = YES;
				CLANG_WARN_ENUM_CONVERSION = YES;
				CLANG_WARN_INFINITE_RECURSION = YES;
				CLANG_WARN_INT_CONVERSION = YES;
				CLANG_WARN_NON_LITERAL_NULL_CONVERSION = YES;
				CLANG_WARN_OBJC_IMPLICIT_RETAIN_SELF = YES;
				CLANG_WARN_OBJC_LITERAL_CONVERSION = YES;
				CLANG_WARN_OBJC_ROOT_CLASS = YES_ERROR;
				CLANG_WARN_QUOTED_INCLUDE_IN_FRAMEWORK_HEADER = YES;
				CLANG_WARN_RANGE_LOOP_ANALYSIS = YES;
				CLANG_WARN_STRICT_PROTOTYPES = YES;
				CLANG_WARN_SUSPICIOUS_MOVE = YES;
				CLANG_WARN_UNGUARDED_AVAILABILITY = YES_AGGRESSIVE;
				CLANG_WARN_UNREACHABLE_CODE = YES;
				CLANG_WARN__DUPLICATE_METHOD_MATCH = YES;
				COPY_PHASE_STRIP = NO;
				DEBUG_INFORMATION_FORMAT = dwarf;
				ENABLE_STRICT_OBJC_MSGSEND = YES;
				ENABLE_TESTABILITY = YES;
				GCC_C_LANGUAGE_STANDARD = gnu11;
				GCC_DYNAMIC_NO_PIC = NO;
				GCC_NO_COMMON_BLOCKS = YES;
				GCC_OPTIMIZATION_LEVEL = 0;
				GCC_PREPROCESSOR_DEFINITIONS = (
					"DEBUG=1",
					"$(inherited)",
				);
				GCC_WARN_64_TO_32_BIT_CONVERSION = YES;
				GCC_WARN_ABOUT_RETURN_TYPE = YES_ERROR;
				GCC_WARN_UNDECLARED_SELECTOR = YES;
				GCC_WARN_UNINITIALIZED_AUTOS = YES_AGGRESSIVE;
				GCC_WARN_UNUSED_FUNCTION = YES;
				GCC_WARN_UNUSED_VARIABLE = YES;
				IPHONEOS_DEPLOYMENT_TARGET = 16.4;
				MTL_ENABLE_DEBUG_INFO = INCLUDE_SOURCE;
				MTL_FAST_MATH = YES;
				ONLY_ACTIVE_ARCH = YES;
				SDKROOT = iphoneos;
				SWIFT_ACTIVE_COMPILATION_CONDITIONS = DEBUG;
				SWIFT_OPTIMIZATION_LEVEL = "-Onone";
			};
			name = Debug;
		};
		114C63432A8A427300AAB829 /* Release */ = {
			isa = XCBuildConfiguration;
			buildSettings = {
				ALWAYS_SEARCH_USER_PATHS = NO;
				CLANG_ANALYZER_NONNULL = YES;
				CLANG_ANALYZER_NUMBER_OBJECT_CONVERSION = YES_AGGRESSIVE;
				CLANG_CXX_LANGUAGE_STANDARD = "gnu++20";
				CLANG_ENABLE_MODULES = YES;
				CLANG_ENABLE_OBJC_ARC = YES;
				CLANG_ENABLE_OBJC_WEAK = YES;
				CLANG_WARN_BLOCK_CAPTURE_AUTORELEASING = YES;
				CLANG_WARN_BOOL_CONVERSION = YES;
				CLANG_WARN_COMMA = YES;
				CLANG_WARN_CONSTANT_CONVERSION = YES;
				CLANG_WARN_DEPRECATED_OBJC_IMPLEMENTATIONS = YES;
				CLANG_WARN_DIRECT_OBJC_ISA_USAGE = YES_ERROR;
				CLANG_WARN_DOCUMENTATION_COMMENTS = YES;
				CLANG_WARN_EMPTY_BODY = YES;
				CLANG_WARN_ENUM_CONVERSION = YES;
				CLANG_WARN_INFINITE_RECURSION = YES;
				CLANG_WARN_INT_CONVERSION = YES;
				CLANG_WARN_NON_LITERAL_NULL_CONVERSION = YES;
				CLANG_WARN_OBJC_IMPLICIT_RETAIN_SELF = YES;
				CLANG_WARN_OBJC_LITERAL_CONVERSION = YES;
				CLANG_WARN_OBJC_ROOT_CLASS = YES_ERROR;
				CLANG_WARN_QUOTED_INCLUDE_IN_FRAMEWORK_HEADER = YES;
				CLANG_WARN_RANGE_LOOP_ANALYSIS = YES;
				CLANG_WARN_STRICT_PROTOTYPES = YES;
				CLANG_WARN_SUSPICIOUS_MOVE = YES;
				CLANG_WARN_UNGUARDED_AVAILABILITY = YES_AGGRESSIVE;
				CLANG_WARN_UNREACHABLE_CODE = YES;
				CLANG_WARN__DUPLICATE_METHOD_MATCH = YES;
				COPY_PHASE_STRIP = NO;
				DEBUG_INFORMATION_FORMAT = "dwarf-with-dsym";
				ENABLE_NS_ASSERTIONS = NO;
				ENABLE_STRICT_OBJC_MSGSEND = YES;
				GCC_C_LANGUAGE_STANDARD = gnu11;
				GCC_NO_COMMON_BLOCKS = YES;
				GCC_WARN_64_TO_32_BIT_CONVERSION = YES;
				GCC_WARN_ABOUT_RETURN_TYPE = YES_ERROR;
				GCC_WARN_UNDECLARED_SELECTOR = YES;
				GCC_WARN_UNINITIALIZED_AUTOS = YES_AGGRESSIVE;
				GCC_WARN_UNUSED_FUNCTION = YES;
				GCC_WARN_UNUSED_VARIABLE = YES;
				IPHONEOS_DEPLOYMENT_TARGET = 16.4;
				MTL_ENABLE_DEBUG_INFO = NO;
				MTL_FAST_MATH = YES;
				SDKROOT = iphoneos;
				SWIFT_COMPILATION_MODE = wholemodule;
				SWIFT_OPTIMIZATION_LEVEL = "-O";
				VALIDATE_PRODUCT = YES;
			};
			name = Release;
		};
		114C63452A8A427300AAB829 /* Debug */ = {
			isa = XCBuildConfiguration;
			buildSettings = {
				ASSETCATALOG_COMPILER_APPICON_NAME = AppIcon;
				ASSETCATALOG_COMPILER_GLOBAL_ACCENT_COLOR_NAME = AccentColor;
				CODE_SIGN_STYLE = Automatic;
				CURRENT_PROJECT_VERSION = 1;
				DEVELOPMENT_ASSET_PATHS = "\"OpenWeather/Preview Content\"";
				DEVELOPMENT_TEAM = P69WPVTUW2;
				ENABLE_PREVIEWS = YES;
				GENERATE_INFOPLIST_FILE = YES;
				INFOPLIST_KEY_NSLocationAlwaysAndWhenInUseUsageDescription = "";
				INFOPLIST_KEY_NSLocationWhenInUseUsageDescription = "";
				INFOPLIST_KEY_UIApplicationSceneManifest_Generation = YES;
				INFOPLIST_KEY_UIApplicationSupportsIndirectInputEvents = YES;
				INFOPLIST_KEY_UILaunchScreen_Generation = YES;
				INFOPLIST_KEY_UISupportedInterfaceOrientations_iPad = "UIInterfaceOrientationPortrait UIInterfaceOrientationPortraitUpsideDown UIInterfaceOrientationLandscapeLeft UIInterfaceOrientationLandscapeRight";
				INFOPLIST_KEY_UISupportedInterfaceOrientations_iPhone = "UIInterfaceOrientationPortrait UIInterfaceOrientationLandscapeLeft UIInterfaceOrientationLandscapeRight";
				LD_RUNPATH_SEARCH_PATHS = (
					"$(inherited)",
					"@executable_path/Frameworks",
				);
				MARKETING_VERSION = 1.0;
				PRODUCT_BUNDLE_IDENTIFIER = oleksandr.voropayev.OpenWeather;
				PRODUCT_NAME = "$(TARGET_NAME)";
				SWIFT_EMIT_LOC_STRINGS = YES;
				SWIFT_VERSION = 5.0;
				TARGETED_DEVICE_FAMILY = "1,2";
			};
			name = Debug;
		};
		114C63462A8A427300AAB829 /* Release */ = {
			isa = XCBuildConfiguration;
			buildSettings = {
				ASSETCATALOG_COMPILER_APPICON_NAME = AppIcon;
				ASSETCATALOG_COMPILER_GLOBAL_ACCENT_COLOR_NAME = AccentColor;
				CODE_SIGN_STYLE = Automatic;
				CURRENT_PROJECT_VERSION = 1;
				DEVELOPMENT_ASSET_PATHS = "\"OpenWeather/Preview Content\"";
				DEVELOPMENT_TEAM = P69WPVTUW2;
				ENABLE_PREVIEWS = YES;
				GENERATE_INFOPLIST_FILE = YES;
				INFOPLIST_KEY_NSLocationAlwaysAndWhenInUseUsageDescription = "";
				INFOPLIST_KEY_NSLocationWhenInUseUsageDescription = "";
				INFOPLIST_KEY_UIApplicationSceneManifest_Generation = YES;
				INFOPLIST_KEY_UIApplicationSupportsIndirectInputEvents = YES;
				INFOPLIST_KEY_UILaunchScreen_Generation = YES;
				INFOPLIST_KEY_UISupportedInterfaceOrientations_iPad = "UIInterfaceOrientationPortrait UIInterfaceOrientationPortraitUpsideDown UIInterfaceOrientationLandscapeLeft UIInterfaceOrientationLandscapeRight";
				INFOPLIST_KEY_UISupportedInterfaceOrientations_iPhone = "UIInterfaceOrientationPortrait UIInterfaceOrientationLandscapeLeft UIInterfaceOrientationLandscapeRight";
				LD_RUNPATH_SEARCH_PATHS = (
					"$(inherited)",
					"@executable_path/Frameworks",
				);
				MARKETING_VERSION = 1.0;
				PRODUCT_BUNDLE_IDENTIFIER = oleksandr.voropayev.OpenWeather;
				PRODUCT_NAME = "$(TARGET_NAME)";
				SWIFT_EMIT_LOC_STRINGS = YES;
				SWIFT_VERSION = 5.0;
				TARGETED_DEVICE_FAMILY = "1,2";
			};
			name = Release;
		};
		114C63482A8A427300AAB829 /* Debug */ = {
			isa = XCBuildConfiguration;
			buildSettings = {
				ALWAYS_EMBED_SWIFT_STANDARD_LIBRARIES = YES;
				BUNDLE_LOADER = "$(TEST_HOST)";
				CODE_SIGN_STYLE = Automatic;
				CURRENT_PROJECT_VERSION = 1;
				DEVELOPMENT_TEAM = P69WPVTUW2;
				GENERATE_INFOPLIST_FILE = YES;
				IPHONEOS_DEPLOYMENT_TARGET = 16.4;
				MARKETING_VERSION = 1.0;
				PRODUCT_BUNDLE_IDENTIFIER = oleksandr.voropayev.OpenWeatherTests;
				PRODUCT_NAME = "$(TARGET_NAME)";
				SWIFT_EMIT_LOC_STRINGS = NO;
				SWIFT_VERSION = 5.0;
				TARGETED_DEVICE_FAMILY = "1,2";
				TEST_HOST = "$(BUILT_PRODUCTS_DIR)/OpenWeather.app/$(BUNDLE_EXECUTABLE_FOLDER_PATH)/OpenWeather";
			};
			name = Debug;
		};
		114C63492A8A427300AAB829 /* Release */ = {
			isa = XCBuildConfiguration;
			buildSettings = {
				ALWAYS_EMBED_SWIFT_STANDARD_LIBRARIES = YES;
				BUNDLE_LOADER = "$(TEST_HOST)";
				CODE_SIGN_STYLE = Automatic;
				CURRENT_PROJECT_VERSION = 1;
				DEVELOPMENT_TEAM = P69WPVTUW2;
				GENERATE_INFOPLIST_FILE = YES;
				IPHONEOS_DEPLOYMENT_TARGET = 16.4;
				MARKETING_VERSION = 1.0;
				PRODUCT_BUNDLE_IDENTIFIER = oleksandr.voropayev.OpenWeatherTests;
				PRODUCT_NAME = "$(TARGET_NAME)";
				SWIFT_EMIT_LOC_STRINGS = NO;
				SWIFT_VERSION = 5.0;
				TARGETED_DEVICE_FAMILY = "1,2";
				TEST_HOST = "$(BUILT_PRODUCTS_DIR)/OpenWeather.app/$(BUNDLE_EXECUTABLE_FOLDER_PATH)/OpenWeather";
			};
			name = Release;
		};
		114C634B2A8A427300AAB829 /* Debug */ = {
			isa = XCBuildConfiguration;
			buildSettings = {
				ALWAYS_EMBED_SWIFT_STANDARD_LIBRARIES = YES;
				CODE_SIGN_STYLE = Automatic;
				CURRENT_PROJECT_VERSION = 1;
				DEVELOPMENT_TEAM = P69WPVTUW2;
				GENERATE_INFOPLIST_FILE = YES;
				MARKETING_VERSION = 1.0;
				PRODUCT_BUNDLE_IDENTIFIER = oleksandr.voropayev.OpenWeatherUITests;
				PRODUCT_NAME = "$(TARGET_NAME)";
				SWIFT_EMIT_LOC_STRINGS = NO;
				SWIFT_VERSION = 5.0;
				TARGETED_DEVICE_FAMILY = "1,2";
				TEST_TARGET_NAME = OpenWeather;
			};
			name = Debug;
		};
		114C634C2A8A427300AAB829 /* Release */ = {
			isa = XCBuildConfiguration;
			buildSettings = {
				ALWAYS_EMBED_SWIFT_STANDARD_LIBRARIES = YES;
				CODE_SIGN_STYLE = Automatic;
				CURRENT_PROJECT_VERSION = 1;
				DEVELOPMENT_TEAM = P69WPVTUW2;
				GENERATE_INFOPLIST_FILE = YES;
				MARKETING_VERSION = 1.0;
				PRODUCT_BUNDLE_IDENTIFIER = oleksandr.voropayev.OpenWeatherUITests;
				PRODUCT_NAME = "$(TARGET_NAME)";
				SWIFT_EMIT_LOC_STRINGS = NO;
				SWIFT_VERSION = 5.0;
				TARGETED_DEVICE_FAMILY = "1,2";
				TEST_TARGET_NAME = OpenWeather;
			};
			name = Release;
		};
/* End XCBuildConfiguration section */

/* Begin XCConfigurationList section */
		114C631B2A8A427100AAB829 /* Build configuration list for PBXProject "OpenWeather" */ = {
			isa = XCConfigurationList;
			buildConfigurations = (
				114C63422A8A427300AAB829 /* Debug */,
				114C63432A8A427300AAB829 /* Release */,
			);
			defaultConfigurationIsVisible = 0;
			defaultConfigurationName = Release;
		};
		114C63442A8A427300AAB829 /* Build configuration list for PBXNativeTarget "OpenWeather" */ = {
			isa = XCConfigurationList;
			buildConfigurations = (
				114C63452A8A427300AAB829 /* Debug */,
				114C63462A8A427300AAB829 /* Release */,
			);
			defaultConfigurationIsVisible = 0;
			defaultConfigurationName = Release;
		};
		114C63472A8A427300AAB829 /* Build configuration list for PBXNativeTarget "OpenWeatherTests" */ = {
			isa = XCConfigurationList;
			buildConfigurations = (
				114C63482A8A427300AAB829 /* Debug */,
				114C63492A8A427300AAB829 /* Release */,
			);
			defaultConfigurationIsVisible = 0;
			defaultConfigurationName = Release;
		};
		114C634A2A8A427300AAB829 /* Build configuration list for PBXNativeTarget "OpenWeatherUITests" */ = {
			isa = XCConfigurationList;
			buildConfigurations = (
				114C634B2A8A427300AAB829 /* Debug */,
				114C634C2A8A427300AAB829 /* Release */,
			);
			defaultConfigurationIsVisible = 0;
			defaultConfigurationName = Release;
		};
/* End XCConfigurationList section */
	};
	rootObject = 114C63182A8A427100AAB829 /* Project object */;
}
